
Microsoft Visual Studio Solution File, Format Version 11.00
# Visual Studio 2010
Project("{FAE04EC0-301F-11D3-BF4B-00C04F79EFBC}") = "StarRail", "Assembly-CSharp.csproj", "{4EF101CC-1DA7-71ED-1E4C-A60F17C037F9}"
EndProject
Project("{FAE04EC0-301F-11D3-BF4B-00C04F79EFBC}") = "StarRail", "Assembly-CSharp-Editor.csproj", "{66F94BCB-658E-15CC-C2D8-88FE778A1D7C}"
EndProject
Global
	GlobalSection(SolutionConfigurationPlatforms) = preSolution
		Debug|Any CPU = Debug|Any CPU
		Release|Any CPU = Release|Any CPU
	EndGlobalSection
	GlobalSection(ProjectConfigurationPlatforms) = postSolution
		{4EF101CC-1DA7-71ED-1E4C-A60F17C037F9}.Debug|Any CPU.ActiveCfg = Debug|Any CPU
		{4EF101CC-1DA7-71ED-1E4C-A60F17C037F9}.Debug|Any CPU.Build.0 = Debug|Any CPU
		{4EF101CC-1DA7-71ED-1E4C-A60F17C037F9}.Release|Any CPU.ActiveCfg = Release|Any CPU
		{4EF101CC-1DA7-71ED-1E4C-A60F17C037F9}.Release|Any CPU.Build.0 = Release|Any CPU
		{66F94BCB-658E-15CC-C2D8-88FE778A1D7C}.Debug|Any CPU.ActiveCfg = Debug|Any CPU
		{66F94BCB-658E-15CC-C2D8-88FE778A1D7C}.Debug|Any CPU.Build.0 = Debug|Any CPU
		{66F94BCB-658E-15CC-C2D8-88FE778A1D7C}.Release|Any CPU.ActiveCfg = Release|Any CPU
		{66F94BCB-658E-15CC-C2D8-88FE778A1D7C}.Release|Any CPU.Build.0 = Release|Any CPU
	EndGlobalSection
	GlobalSection(SolutionProperties) = preSolution
		HideSolutionNode = FALSE
	EndGlobalSection
	GlobalSection(MonoDevelopProperties) = preSolution
		StartupItem = Assembly-CSharp.csproj
	EndGlobalSection
EndGlobal
